
Microsoft Visual Studio Solution File, Format Version 12.00
# Visual Studio 14
VisualStudioVersion = 14.0.25123.0
MinimumVisualStudioVersion = 10.0.40219.1
Project("{8BC9CEB8-8B4A-11D0-8D11-00A0C91BC942}") = "Graphics", "Graphics.vcxproj", "{18B24148-7BB6-4D69-B841-BF5E206260C7}"
EndProject
Project("{8BC9CEB8-8B4A-11D0-8D11-00A0C91BC942}") = "01_HelloTriangle", "test\01_HelloTriangle\01_HelloTriangle.vcxproj", "{8412E9B7-CD3E-4BF7-9F16-F07FA33F0E4C}"
	ProjectSection(ProjectDependencies) = postProject
		{18B24148-7BB6-4D69-B841-BF5E206260C7} = {18B24148-7BB6-4D69-B841-BF5E206260C7}
	EndProjectSection
EndProject
Project("{8BC9CEB8-8B4A-11D0-8D11-00A0C91BC942}") = "02-UniTex", "test\02-UniTex\02-UniTex.vcxproj", "{8B6EA40C-3704-4B1D-BA5E-1B5F312413A9}"
	ProjectSection(ProjectDependencies) = postProject
		{18B24148-7BB6-4D69-B841-BF5E206260C7} = {18B24148-7BB6-4D69-B841-BF5E206260C7}
	EndProjectSection
EndProject
Project("{8BC9CEB8-8B4A-11D0-8D11-00A0C91BC942}") = "03-tdraw", "..\03-tdraw\03-tdraw.vcxproj", "{781106AA-BDD1-44C3-A159-0EC6E3533FDB}"
	ProjectSection(ProjectDependencies) = postProject
		{18B24148-7BB6-4D69-B841-BF5E206260C7} = {18B24148-7BB6-4D69-B841-BF5E206260C7}
	EndProjectSection
EndProject
Project("{8BC9CEB8-8B4A-11D0-8D11-00A0C91BC942}") = "shaders", "resources\shaders\shaders.vcxproj", "{D871ACF1-5F85-4037-A92C-F5AB4A8BED41}"
EndProject
Project("{8BC9CEB8-8B4A-11D0-8D11-00A0C91BC942}") = "04-FromDisk", "test\04-FromDisk\04-FromDisk.vcxproj", "{26D84A88-9148-4B07-AB74-A792EDD95804}"
	ProjectSection(ProjectDependencies) = postProject
		{18B24148-7BB6-4D69-B841-BF5E206260C7} = {18B24148-7BB6-4D69-B841-BF5E206260C7}
		{D871ACF1-5F85-4037-A92C-F5AB4A8BED41} = {D871ACF1-5F85-4037-A92C-F5AB4A8BED41}
	EndProjectSection
EndProject
Project("{8BC9CEB8-8B4A-11D0-8D11-00A0C91BC942}") = "06-Lights", "test\06-Lights\06-Lights.vcxproj", "{081E9E93-806D-497E-9982-86D37220697E}"
	ProjectSection(ProjectDependencies) = postProject
		{18B24148-7BB6-4D69-B841-BF5E206260C7} = {18B24148-7BB6-4D69-B841-BF5E206260C7}
		{D871ACF1-5F85-4037-A92C-F5AB4A8BED41} = {D871ACF1-5F85-4037-A92C-F5AB4A8BED41}
	EndProjectSection
EndProject
Project("{8BC9CEB8-8B4A-11D0-8D11-00A0C91BC942}") = "07-Materials", "test\07-Materials\07-Materials.vcxproj", "{5186AD20-4C3A-4D65-A79C-5BAD12D3A96D}"
	ProjectSection(ProjectDependencies) = postProject
		{18B24148-7BB6-4D69-B841-BF5E206260C7} = {18B24148-7BB6-4D69-B841-BF5E206260C7}
		{D871ACF1-5F85-4037-A92C-F5AB4A8BED41} = {D871ACF1-5F85-4037-A92C-F5AB4A8BED41}
	EndProjectSection
EndProject
Global
	GlobalSection(SolutionConfigurationPlatforms) = preSolution
		Debug|x64 = Debug|x64
		Debug|x86 = Debug|x86
		Release|x64 = Release|x64
		Release|x86 = Release|x86
	EndGlobalSection
	GlobalSection(ProjectConfigurationPlatforms) = postSolution
		{18B24148-7BB6-4D69-B841-BF5E206260C7}.Debug|x64.ActiveCfg = Debug|x64
		{18B24148-7BB6-4D69-B841-BF5E206260C7}.Debug|x64.Build.0 = Debug|x64
		{18B24148-7BB6-4D69-B841-BF5E206260C7}.Debug|x86.ActiveCfg = Debug|Win32
		{18B24148-7BB6-4D69-B841-BF5E206260C7}.Debug|x86.Build.0 = Debug|Win32
		{18B24148-7BB6-4D69-B841-BF5E206260C7}.Release|x64.ActiveCfg = Release|x64
		{18B24148-7BB6-4D69-B841-BF5E206260C7}.Release|x64.Build.0 = Release|x64
		{18B24148-7BB6-4D69-B841-BF5E206260C7}.Release|x86.ActiveCfg = Release|Win32
		{18B24148-7BB6-4D69-B841-BF5E206260C7}.Release|x86.Build.0 = Release|Win32
		{8412E9B7-CD3E-4BF7-9F16-F07FA33F0E4C}.Debug|x64.ActiveCfg = Debug|x64
		{8412E9B7-CD3E-4BF7-9F16-F07FA33F0E4C}.Debug|x64.Build.0 = Debug|x64
		{8412E9B7-CD3E-4BF7-9F16-F07FA33F0E4C}.Debug|x86.ActiveCfg = Debug|Win32
		{8412E9B7-CD3E-4BF7-9F16-F07FA33F0E4C}.Debug|x86.Build.0 = Debug|Win32
		{8412E9B7-CD3E-4BF7-9F16-F07FA33F0E4C}.Release|x64.ActiveCfg = Release|x64
		{8412E9B7-CD3E-4BF7-9F16-F07FA33F0E4C}.Release|x64.Build.0 = Release|x64
		{8412E9B7-CD3E-4BF7-9F16-F07FA33F0E4C}.Release|x86.ActiveCfg = Release|Win32
		{8412E9B7-CD3E-4BF7-9F16-F07FA33F0E4C}.Release|x86.Build.0 = Release|Win32
		{8B6EA40C-3704-4B1D-BA5E-1B5F312413A9}.Debug|x64.ActiveCfg = Debug|x64
		{8B6EA40C-3704-4B1D-BA5E-1B5F312413A9}.Debug|x64.Build.0 = Debug|x64
		{8B6EA40C-3704-4B1D-BA5E-1B5F312413A9}.Debug|x86.ActiveCfg = Debug|Win32
		{8B6EA40C-3704-4B1D-BA5E-1B5F312413A9}.Debug|x86.Build.0 = Debug|Win32
		{8B6EA40C-3704-4B1D-BA5E-1B5F312413A9}.Release|x64.ActiveCfg = Release|x64
		{8B6EA40C-3704-4B1D-BA5E-1B5F312413A9}.Release|x64.Build.0 = Release|x64
		{8B6EA40C-3704-4B1D-BA5E-1B5F312413A9}.Release|x86.ActiveCfg = Release|Win32
		{8B6EA40C-3704-4B1D-BA5E-1B5F312413A9}.Release|x86.Build.0 = Release|Win32
		{D871ACF1-5F85-4037-A92C-F5AB4A8BED41}.Debug|x64.ActiveCfg = Debug|x64
		{D871ACF1-5F85-4037-A92C-F5AB4A8BED41}.Debug|x64.Build.0 = Debug|x64
		{D871ACF1-5F85-4037-A92C-F5AB4A8BED41}.Debug|x86.ActiveCfg = Debug|Win32
		{D871ACF1-5F85-4037-A92C-F5AB4A8BED41}.Debug|x86.Build.0 = Debug|Win32
		{D871ACF1-5F85-4037-A92C-F5AB4A8BED41}.Release|x64.ActiveCfg = Release|x64
		{D871ACF1-5F85-4037-A92C-F5AB4A8BED41}.Release|x64.Build.0 = Release|x64
		{D871ACF1-5F85-4037-A92C-F5AB4A8BED41}.Release|x86.ActiveCfg = Release|Win32
		{D871ACF1-5F85-4037-A92C-F5AB4A8BED41}.Release|x86.Build.0 = Release|Win32
		{26D84A88-9148-4B07-AB74-A792EDD95804}.Debug|x64.ActiveCfg = Debug|x64
		{26D84A88-9148-4B07-AB74-A792EDD95804}.Debug|x64.Build.0 = Debug|x64
		{26D84A88-9148-4B07-AB74-A792EDD95804}.Debug|x86.ActiveCfg = Debug|Win32
		{26D84A88-9148-4B07-AB74-A792EDD95804}.Debug|x86.Build.0 = Debug|Win32
		{26D84A88-9148-4B07-AB74-A792EDD95804}.Release|x64.ActiveCfg = Release|x64
		{26D84A88-9148-4B07-AB74-A792EDD95804}.Release|x64.Build.0 = Release|x64
		{26D84A88-9148-4B07-AB74-A792EDD95804}.Release|x86.ActiveCfg = Release|Win32
		{26D84A88-9148-4B07-AB74-A792EDD95804}.Release|x86.Build.0 = Release|Win32
		{081E9E93-806D-497E-9982-86D37220697E}.Debug|x64.ActiveCfg = Debug|x64
		{081E9E93-806D-497E-9982-86D37220697E}.Debug|x64.Build.0 = Debug|x64
		{081E9E93-806D-497E-9982-86D37220697E}.Debug|x86.ActiveCfg = Debug|Win32
		{081E9E93-806D-497E-9982-86D37220697E}.Debug|x86.Build.0 = Debug|Win32
		{081E9E93-806D-497E-9982-86D37220697E}.Release|x64.ActiveCfg = Release|x64
		{081E9E93-806D-497E-9982-86D37220697E}.Release|x64.Build.0 = Release|x64
		{081E9E93-806D-497E-9982-86D37220697E}.Release|x86.ActiveCfg = Release|Win32
		{081E9E93-806D-497E-9982-86D37220697E}.Release|x86.Build.0 = Release|Win32
		{5186AD20-4C3A-4D65-A79C-5BAD12D3A96D}.Debug|x64.ActiveCfg = Debug|x64
		{5186AD20-4C3A-4D65-A79C-5BAD12D3A96D}.Debug|x64.Build.0 = Debug|x64
		{5186AD20-4C3A-4D65-A79C-5BAD12D3A96D}.Debug|x86.ActiveCfg = Debug|Win32
		{5186AD20-4C3A-4D65-A79C-5BAD12D3A96D}.Debug|x86.Build.0 = Debug|Win32
		{5186AD20-4C3A-4D65-A79C-5BAD12D3A96D}.Release|x64.ActiveCfg = Release|x64
		{5186AD20-4C3A-4D65-A79C-5BAD12D3A96D}.Release|x64.Build.0 = Release|x64
		{5186AD20-4C3A-4D65-A79C-5BAD12D3A96D}.Release|x86.ActiveCfg = Release|Win32
		{5186AD20-4C3A-4D65-A79C-5BAD12D3A96D}.Release|x86.Build.0 = Release|Win32
	EndGlobalSection
	GlobalSection(SolutionProperties) = preSolution
		HideSolutionNode = FALSE
	EndGlobalSection
EndGlobal
